# This file is generated by running "yarn install" inside your project.
# Manual changes might be lost - proceed with caution!

__metadata:
  version: 8
  cacheKey: 10c0

"@biomejs/biome@npm:1.9.4":
  version: 1.9.4
  resolution: "@biomejs/biome@npm:1.9.4"
  dependencies:
    "@biomejs/cli-darwin-arm64": "npm:1.9.4"
    "@biomejs/cli-darwin-x64": "npm:1.9.4"
    "@biomejs/cli-linux-arm64": "npm:1.9.4"
    "@biomejs/cli-linux-arm64-musl": "npm:1.9.4"
    "@biomejs/cli-linux-x64": "npm:1.9.4"
    "@biomejs/cli-linux-x64-musl": "npm:1.9.4"
    "@biomejs/cli-win32-arm64": "npm:1.9.4"
    "@biomejs/cli-win32-x64": "npm:1.9.4"
  dependenciesMeta:
    "@biomejs/cli-darwin-arm64":
      optional: true
    "@biomejs/cli-darwin-x64":
      optional: true
    "@biomejs/cli-linux-arm64":
      optional: true
    "@biomejs/cli-linux-arm64-musl":
      optional: true
    "@biomejs/cli-linux-x64":
      optional: true
    "@biomejs/cli-linux-x64-musl":
      optional: true
    "@biomejs/cli-win32-arm64":
      optional: true
    "@biomejs/cli-win32-x64":
      optional: true
  bin:
    biome: bin/biome
  checksum: 10c0/b5655c5aed9a6fffe24f7d04f15ba4444389d0e891c9ed9106fab7388ac9b4be63185852cc2a937b22940dac3e550b71032a4afd306925cfea436c33e5646b3e
  languageName: node
  linkType: hard

"@biomejs/cli-darwin-arm64@npm:1.9.4":
  version: 1.9.4
  resolution: "@biomejs/cli-darwin-arm64@npm:1.9.4"
  conditions: os=darwin & cpu=arm64
  languageName: node
  linkType: hard

"@biomejs/cli-darwin-x64@npm:1.9.4":
  version: 1.9.4
  resolution: "@biomejs/cli-darwin-x64@npm:1.9.4"
  conditions: os=darwin & cpu=x64
  languageName: node
  linkType: hard

"@biomejs/cli-linux-arm64-musl@npm:1.9.4":
  version: 1.9.4
  resolution: "@biomejs/cli-linux-arm64-musl@npm:1.9.4"
  conditions: os=linux & cpu=arm64 & libc=musl
  languageName: node
  linkType: hard

"@biomejs/cli-linux-arm64@npm:1.9.4":
  version: 1.9.4
  resolution: "@biomejs/cli-linux-arm64@npm:1.9.4"
  conditions: os=linux & cpu=arm64 & libc=glibc
  languageName: node
  linkType: hard

"@biomejs/cli-linux-x64-musl@npm:1.9.4":
  version: 1.9.4
  resolution: "@biomejs/cli-linux-x64-musl@npm:1.9.4"
  conditions: os=linux & cpu=x64 & libc=musl
  languageName: node
  linkType: hard

"@biomejs/cli-linux-x64@npm:1.9.4":
  version: 1.9.4
  resolution: "@biomejs/cli-linux-x64@npm:1.9.4"
  conditions: os=linux & cpu=x64 & libc=glibc
  languageName: node
  linkType: hard

"@biomejs/cli-win32-arm64@npm:1.9.4":
  version: 1.9.4
  resolution: "@biomejs/cli-win32-arm64@npm:1.9.4"
  conditions: os=win32 & cpu=arm64
  languageName: node
  linkType: hard

"@biomejs/cli-win32-x64@npm:1.9.4":
  version: 1.9.4
  resolution: "@biomejs/cli-win32-x64@npm:1.9.4"
  conditions: os=win32 & cpu=x64
  languageName: node
  linkType: hard

"@inquirer/checkbox@npm:^4.0.2":
  version: 4.0.2
  resolution: "@inquirer/checkbox@npm:4.0.2"
  dependencies:
    "@inquirer/core": "npm:^10.1.0"
    "@inquirer/figures": "npm:^1.0.8"
    "@inquirer/type": "npm:^3.0.1"
    ansi-escapes: "npm:^4.3.2"
    yoctocolors-cjs: "npm:^2.1.2"
  peerDependencies:
    "@types/node": ">=18"
  checksum: 10c0/a087984b5de252530246f40fa090cbd531c78cdf53f6eaef8653cfc69623480b3377916e31da81d097583ef1248a0508b199994c386a27cbad4c6ce536944a73
  languageName: node
  linkType: hard

"@inquirer/confirm@npm:^5.0.2":
  version: 5.0.2
  resolution: "@inquirer/confirm@npm:5.0.2"
  dependencies:
    "@inquirer/core": "npm:^10.1.0"
    "@inquirer/type": "npm:^3.0.1"
  peerDependencies:
    "@types/node": ">=18"
  checksum: 10c0/c121cfb0557b42dd6570b54dce707a048d85f328481d5230d21fede195902012ede06887aa478875cc83afa064c2e30953eb2cab0744f832195867b418865115
  languageName: node
  linkType: hard

"@inquirer/core@npm:^10.1.0":
  version: 10.1.0
  resolution: "@inquirer/core@npm:10.1.0"
  dependencies:
    "@inquirer/figures": "npm:^1.0.8"
    "@inquirer/type": "npm:^3.0.1"
    ansi-escapes: "npm:^4.3.2"
    cli-width: "npm:^4.1.0"
    mute-stream: "npm:^2.0.0"
    signal-exit: "npm:^4.1.0"
    strip-ansi: "npm:^6.0.1"
    wrap-ansi: "npm:^6.2.0"
    yoctocolors-cjs: "npm:^2.1.2"
  checksum: 10c0/ffd187edb210426c3e25ed564f7aa8844468c28dd2ba3c53dbe28d3359b519cdfae987b31bf927c1dd2e9f70a914fdefe319abe4c5f384e5e08410d11e0a7ce2
  languageName: node
  linkType: hard

"@inquirer/editor@npm:^4.1.0":
  version: 4.1.0
  resolution: "@inquirer/editor@npm:4.1.0"
  dependencies:
    "@inquirer/core": "npm:^10.1.0"
    "@inquirer/type": "npm:^3.0.1"
    external-editor: "npm:^3.1.0"
  peerDependencies:
    "@types/node": ">=18"
  checksum: 10c0/6ed7724e83a7f52b4bdd911f6878bc0a18b18f955bb7e8cd423820e8a0bc941a97321b07be88cea6b22a7027a9ed15f5e03ca8f9a6abe94d6af32504a98e6954
  languageName: node
  linkType: hard

"@inquirer/expand@npm:^4.0.2":
  version: 4.0.2
  resolution: "@inquirer/expand@npm:4.0.2"
  dependencies:
    "@inquirer/core": "npm:^10.1.0"
    "@inquirer/type": "npm:^3.0.1"
    yoctocolors-cjs: "npm:^2.1.2"
  peerDependencies:
    "@types/node": ">=18"
  checksum: 10c0/937c2597db14cd67b92386ff8e0eb248900ec4e98631503037b12d535a869b22e683010633f1bbf2c1fefe881b45d43a20b212a465bfd7406367fdcaa1723445
  languageName: node
  linkType: hard

"@inquirer/figures@npm:^1.0.8":
  version: 1.0.8
  resolution: "@inquirer/figures@npm:1.0.8"
  checksum: 10c0/34d287ff1fd16476c58bbd5b169db315f8319b5ffb09f81a1bb9aabd4165114e7406b1f418d021fd9cd48923008446e3eec274bb818f378ea132a0450bbc91d4
  languageName: node
  linkType: hard

"@inquirer/input@npm:^4.0.2":
  version: 4.0.2
  resolution: "@inquirer/input@npm:4.0.2"
  dependencies:
    "@inquirer/core": "npm:^10.1.0"
    "@inquirer/type": "npm:^3.0.1"
  peerDependencies:
    "@types/node": ">=18"
  checksum: 10c0/9e160ae5011144058327af8a267d1b854edbc6f5cceb544188279e81a38e479e72b3ea9dc4c83b44d01b2b17c52d0617f6e3b5d63f82fffba07da92f97e1f889
  languageName: node
  linkType: hard

"@inquirer/number@npm:^3.0.2":
  version: 3.0.2
  resolution: "@inquirer/number@npm:3.0.2"
  dependencies:
    "@inquirer/core": "npm:^10.1.0"
    "@inquirer/type": "npm:^3.0.1"
  peerDependencies:
    "@types/node": ">=18"
  checksum: 10c0/3b6f334a4ebb3019bc628b440be3c86fa1318fce693f55628ae95a47c388bdcb6eb06f3c226e3795752fa243ffd27508751bc82e623d2d4656163f2d1840bee7
  languageName: node
  linkType: hard

"@inquirer/password@npm:^4.0.2":
  version: 4.0.2
  resolution: "@inquirer/password@npm:4.0.2"
  dependencies:
    "@inquirer/core": "npm:^10.1.0"
    "@inquirer/type": "npm:^3.0.1"
    ansi-escapes: "npm:^4.3.2"
  peerDependencies:
    "@types/node": ">=18"
  checksum: 10c0/2ef73fb3574805e35a88e7398845ee7f5f473662a8af580023d3d8e00bdc7452b724a262ca636eb729864d9af36376b3812739f38c22e94ebad9e68518d2a90a
  languageName: node
  linkType: hard

"@inquirer/prompts@npm:^7.1.0":
  version: 7.1.0
  resolution: "@inquirer/prompts@npm:7.1.0"
  dependencies:
    "@inquirer/checkbox": "npm:^4.0.2"
    "@inquirer/confirm": "npm:^5.0.2"
    "@inquirer/editor": "npm:^4.1.0"
    "@inquirer/expand": "npm:^4.0.2"
    "@inquirer/input": "npm:^4.0.2"
    "@inquirer/number": "npm:^3.0.2"
    "@inquirer/password": "npm:^4.0.2"
    "@inquirer/rawlist": "npm:^4.0.2"
    "@inquirer/search": "npm:^3.0.2"
    "@inquirer/select": "npm:^4.0.2"
  peerDependencies:
    "@types/node": ">=18"
  checksum: 10c0/e6ed9c3eac059f5de6e233872d8e15f6ddc27e461be119ac1494c6ab74fd583b0cde00554be2be00601df8f9b6df6cd20876772a8148dd4bc5f1f5015e1d5549
  languageName: node
  linkType: hard

"@inquirer/rawlist@npm:^4.0.2":
  version: 4.0.2
  resolution: "@inquirer/rawlist@npm:4.0.2"
  dependencies:
    "@inquirer/core": "npm:^10.1.0"
    "@inquirer/type": "npm:^3.0.1"
    yoctocolors-cjs: "npm:^2.1.2"
  peerDependencies:
    "@types/node": ">=18"
  checksum: 10c0/f003c0c9e5bd0aec5bb3fbba10247c8da23ccdcfb1937f50b38e2ab6938be448773976303f43e1b518dff673aa82c5c08b4a3fba6e621622f6adb967eb39161a
  languageName: node
  linkType: hard

"@inquirer/search@npm:^3.0.2":
  version: 3.0.2
  resolution: "@inquirer/search@npm:3.0.2"
  dependencies:
    "@inquirer/core": "npm:^10.1.0"
    "@inquirer/figures": "npm:^1.0.8"
    "@inquirer/type": "npm:^3.0.1"
    yoctocolors-cjs: "npm:^2.1.2"
  peerDependencies:
    "@types/node": ">=18"
  checksum: 10c0/3fc7be27b86073f713efaf3ee07fb4a8a5526f80b57b68ed1bb1a31837ae85affee0637ff185688a6cc0a76e4dd970f66ffb059264a6cea667dab4e27d59561f
  languageName: node
  linkType: hard

"@inquirer/select@npm:^4.0.2":
  version: 4.0.2
  resolution: "@inquirer/select@npm:4.0.2"
  dependencies:
    "@inquirer/core": "npm:^10.1.0"
    "@inquirer/figures": "npm:^1.0.8"
    "@inquirer/type": "npm:^3.0.1"
    ansi-escapes: "npm:^4.3.2"
    yoctocolors-cjs: "npm:^2.1.2"
  peerDependencies:
    "@types/node": ">=18"
  checksum: 10c0/abd23ba234c3489e76e96c444f97bb00913bdd3f278e2e3f4b060dfdd4c53e0ef78c0a8a3b303a111d35399e4dd366f2b23fb3e213d1b55ae10c02336e921445
  languageName: node
  linkType: hard

"@inquirer/type@npm:^3.0.1":
  version: 3.0.1
  resolution: "@inquirer/type@npm:3.0.1"
  peerDependencies:
    "@types/node": ">=18"
  checksum: 10c0/c8612362d382114a318dbb523de7b1f54dc6bc6d3016c6eaf299b6a32486b92b0dfb1b4cfc6fe9d99496d15fbb721873a1bd66819f796c8bb09853a3b808812d
  languageName: node
  linkType: hard

"@types/node@npm:^22.0.0":
  version: 22.10.1
  resolution: "@types/node@npm:22.10.1"
  dependencies:
    undici-types: "npm:~6.20.0"
  checksum: 10c0/0fbb6d29fa35d807f0223a4db709c598ac08d66820240a2cd6a8a69b8f0bc921d65b339d850a666b43b4e779f967e6ed6cf6f0fca3575e08241e6b900364c234
  languageName: node
  linkType: hard

"@types/yargs-parser@npm:*":
  version: 21.0.3
  resolution: "@types/yargs-parser@npm:21.0.3"
  checksum: 10c0/e71c3bd9d0b73ca82e10bee2064c384ab70f61034bbfb78e74f5206283fc16a6d85267b606b5c22cb2a3338373586786fed595b2009825d6a9115afba36560a0
  languageName: node
  linkType: hard

"@types/yargs@npm:^17.0.33":
  version: 17.0.33
  resolution: "@types/yargs@npm:17.0.33"
  dependencies:
    "@types/yargs-parser": "npm:*"
  checksum: 10c0/d16937d7ac30dff697801c3d6f235be2166df42e4a88bf730fa6dc09201de3727c0a9500c59a672122313341de5f24e45ee0ff579c08ce91928e519090b7906b
  languageName: node
  linkType: hard

"advent-of-code@workspace:.":
  version: 0.0.0-use.local
  resolution: "advent-of-code@workspace:."
  dependencies:
    "@biomejs/biome": "npm:1.9.4"
    "@inquirer/prompts": "npm:^7.1.0"
    "@types/node": "npm:^22.0.0"
    "@types/yargs": "npm:^17.0.33"
    typescript: "npm:^5.7.2"
    yargs: "npm:^17.7.2"
  bin:
    advent-of-code: ./dist/index.js
  languageName: unknown
  linkType: soft

"ansi-escapes@npm:^4.3.2":
  version: 4.3.2
  resolution: "ansi-escapes@npm:4.3.2"
  dependencies:
    type-fest: "npm:^0.21.3"
  checksum: 10c0/da917be01871525a3dfcf925ae2977bc59e8c513d4423368645634bf5d4ceba5401574eb705c1e92b79f7292af5a656f78c5725a4b0e1cec97c4b413705c1d50
  languageName: node
  linkType: hard

"ansi-regex@npm:^5.0.1":
  version: 5.0.1
  resolution: "ansi-regex@npm:5.0.1"
  checksum: 10c0/9a64bb8627b434ba9327b60c027742e5d17ac69277960d041898596271d992d4d52ba7267a63ca10232e29f6107fc8a835f6ce8d719b88c5f8493f8254813737
  languageName: node
  linkType: hard

"ansi-styles@npm:^4.0.0":
  version: 4.3.0
  resolution: "ansi-styles@npm:4.3.0"
  dependencies:
    color-convert: "npm:^2.0.1"
  checksum: 10c0/895a23929da416f2bd3de7e9cb4eabd340949328ab85ddd6e484a637d8f6820d485f53933446f5291c3b760cbc488beb8e88573dd0f9c7daf83dccc8fe81b041
  languageName: node
  linkType: hard

"chardet@npm:^0.7.0":
  version: 0.7.0
  resolution: "chardet@npm:0.7.0"
  checksum: 10c0/96e4731b9ec8050cbb56ab684e8c48d6c33f7826b755802d14e3ebfdc51c57afeece3ea39bc6b09acc359e4363525388b915e16640c1378053820f5e70d0f27d
  languageName: node
  linkType: hard

"cli-width@npm:^4.1.0":
  version: 4.1.0
  resolution: "cli-width@npm:4.1.0"
  checksum: 10c0/1fbd56413578f6117abcaf858903ba1f4ad78370a4032f916745fa2c7e390183a9d9029cf837df320b0fdce8137668e522f60a30a5f3d6529ff3872d265a955f
  languageName: node
  linkType: hard

"cliui@npm:^8.0.1":
  version: 8.0.1
  resolution: "cliui@npm:8.0.1"
  dependencies:
    string-width: "npm:^4.2.0"
    strip-ansi: "npm:^6.0.1"
    wrap-ansi: "npm:^7.0.0"
  checksum: 10c0/4bda0f09c340cbb6dfdc1ed508b3ca080f12992c18d68c6be4d9cf51756033d5266e61ec57529e610dacbf4da1c634423b0c1b11037709cc6b09045cbd815df5
  languageName: node
  linkType: hard

"color-convert@npm:^2.0.1":
  version: 2.0.1
  resolution: "color-convert@npm:2.0.1"
  dependencies:
    color-name: "npm:~1.1.4"
  checksum: 10c0/37e1150172f2e311fe1b2df62c6293a342ee7380da7b9cfdba67ea539909afbd74da27033208d01d6d5cfc65ee7868a22e18d7e7648e004425441c0f8a15a7d7
  languageName: node
  linkType: hard

"color-name@npm:~1.1.4":
  version: 1.1.4
  resolution: "color-name@npm:1.1.4"
  checksum: 10c0/a1a3f914156960902f46f7f56bc62effc6c94e84b2cae157a526b1c1f74b677a47ec602bf68a61abfa2b42d15b7c5651c6dbe72a43af720bc588dff885b10f95
  languageName: node
  linkType: hard

"emoji-regex@npm:^8.0.0":
  version: 8.0.0
  resolution: "emoji-regex@npm:8.0.0"
  checksum: 10c0/b6053ad39951c4cf338f9092d7bfba448cdfd46fe6a2a034700b149ac9ffbc137e361cbd3c442297f86bed2e5f7576c1b54cc0a6bf8ef5106cc62f496af35010
  languageName: node
  linkType: hard

"escalade@npm:^3.1.1":
  version: 3.2.0
  resolution: "escalade@npm:3.2.0"
  checksum: 10c0/ced4dd3a78e15897ed3be74e635110bbf3b08877b0a41be50dcb325ee0e0b5f65fc2d50e9845194d7c4633f327e2e1c6cce00a71b617c5673df0374201d67f65
  languageName: node
  linkType: hard

"external-editor@npm:^3.1.0":
  version: 3.1.0
  resolution: "external-editor@npm:3.1.0"
  dependencies:
    chardet: "npm:^0.7.0"
    iconv-lite: "npm:^0.4.24"
    tmp: "npm:^0.0.33"
  checksum: 10c0/c98f1ba3efdfa3c561db4447ff366a6adb5c1e2581462522c56a18bf90dfe4da382f9cd1feee3e330108c3595a854b218272539f311ba1b3298f841eb0fbf339
  languageName: node
  linkType: hard

"get-caller-file@npm:^2.0.5":
  version: 2.0.5
  resolution: "get-caller-file@npm:2.0.5"
  checksum: 10c0/c6c7b60271931fa752aeb92f2b47e355eac1af3a2673f47c9589e8f8a41adc74d45551c1bc57b5e66a80609f10ffb72b6f575e4370d61cc3f7f3aaff01757cde
  languageName: node
  linkType: hard

"iconv-lite@npm:^0.4.24":
  version: 0.4.24
  resolution: "iconv-lite@npm:0.4.24"
  dependencies:
    safer-buffer: "npm:>= 2.1.2 < 3"
  checksum: 10c0/c6886a24cc00f2a059767440ec1bc00d334a89f250db8e0f7feb4961c8727118457e27c495ba94d082e51d3baca378726cd110aaf7ded8b9bbfd6a44760cf1d4
  languageName: node
  linkType: hard

"is-fullwidth-code-point@npm:^3.0.0":
  version: 3.0.0
  resolution: "is-fullwidth-code-point@npm:3.0.0"
  checksum: 10c0/bb11d825e049f38e04c06373a8d72782eee0205bda9d908cc550ccb3c59b99d750ff9537982e01733c1c94a58e35400661f57042158ff5e8f3e90cf936daf0fc
  languageName: node
  linkType: hard

"mute-stream@npm:^2.0.0":
  version: 2.0.0
  resolution: "mute-stream@npm:2.0.0"
  checksum: 10c0/2cf48a2087175c60c8dcdbc619908b49c07f7adcfc37d29236b0c5c612d6204f789104c98cc44d38acab7b3c96f4a3ec2cfdc4934d0738d876dbefa2a12c69f4
  languageName: node
  linkType: hard

"os-tmpdir@npm:~1.0.2":
  version: 1.0.2
  resolution: "os-tmpdir@npm:1.0.2"
  checksum: 10c0/f438450224f8e2687605a8dd318f0db694b6293c5d835ae509a69e97c8de38b6994645337e5577f5001115470414638978cc49da1cdcc25106dad8738dc69990
  languageName: node
  linkType: hard

"require-directory@npm:^2.1.1":
  version: 2.1.1
  resolution: "require-directory@npm:2.1.1"
  checksum: 10c0/83aa76a7bc1531f68d92c75a2ca2f54f1b01463cb566cf3fbc787d0de8be30c9dbc211d1d46be3497dac5785fe296f2dd11d531945ac29730643357978966e99
  languageName: node
  linkType: hard

"safer-buffer@npm:>= 2.1.2 < 3":
  version: 2.1.2
  resolution: "safer-buffer@npm:2.1.2"
  checksum: 10c0/7e3c8b2e88a1841c9671094bbaeebd94448111dd90a81a1f606f3f67708a6ec57763b3b47f06da09fc6054193e0e6709e77325415dc8422b04497a8070fa02d4
  languageName: node
  linkType: hard

"signal-exit@npm:^4.1.0":
  version: 4.1.0
  resolution: "signal-exit@npm:4.1.0"
  checksum: 10c0/41602dce540e46d599edba9d9860193398d135f7ff72cab629db5171516cfae628d21e7bfccde1bbfdf11c48726bc2a6d1a8fb8701125852fbfda7cf19c6aa83
  languageName: node
  linkType: hard

"string-width@npm:^4.1.0, string-width@npm:^4.2.0, string-width@npm:^4.2.3":
  version: 4.2.3
  resolution: "string-width@npm:4.2.3"
  dependencies:
    emoji-regex: "npm:^8.0.0"
    is-fullwidth-code-point: "npm:^3.0.0"
    strip-ansi: "npm:^6.0.1"
  checksum: 10c0/1e525e92e5eae0afd7454086eed9c818ee84374bb80328fc41217ae72ff5f065ef1c9d7f72da41de40c75fa8bb3dee63d92373fd492c84260a552c636392a47b
  languageName: node
  linkType: hard

"strip-ansi@npm:^6.0.0, strip-ansi@npm:^6.0.1":
  version: 6.0.1
  resolution: "strip-ansi@npm:6.0.1"
  dependencies:
    ansi-regex: "npm:^5.0.1"
  checksum: 10c0/1ae5f212a126fe5b167707f716942490e3933085a5ff6c008ab97ab2f272c8025d3aa218b7bd6ab25729ca20cc81cddb252102f8751e13482a5199e873680952
  languageName: node
  linkType: hard

"tmp@npm:^0.0.33":
  version: 0.0.33
  resolution: "tmp@npm:0.0.33"
  dependencies:
    os-tmpdir: "npm:~1.0.2"
  checksum: 10c0/69863947b8c29cabad43fe0ce65cec5bb4b481d15d4b4b21e036b060b3edbf3bc7a5541de1bacb437bb3f7c4538f669752627fdf9b4aaf034cebd172ba373408
  languageName: node
  linkType: hard

"type-fest@npm:^0.21.3":
  version: 0.21.3
  resolution: "type-fest@npm:0.21.3"
  checksum: 10c0/902bd57bfa30d51d4779b641c2bc403cdf1371fb9c91d3c058b0133694fcfdb817aef07a47f40faf79039eecbaa39ee9d3c532deff244f3a19ce68cea71a61e8
  languageName: node
  linkType: hard

"typescript@npm:^5.7.2":
  version: 5.7.2
  resolution: "typescript@npm:5.7.2"
  bin:
    tsc: bin/tsc
    tsserver: bin/tsserver
  checksum: 10c0/a873118b5201b2ef332127ef5c63fb9d9c155e6fdbe211cbd9d8e65877283797cca76546bad742eea36ed7efbe3424a30376818f79c7318512064e8625d61622
  languageName: node
  linkType: hard

"typescript@patch:typescript@npm%3A^5.7.2#optional!builtin<compat/typescript>":
  version: 5.7.2
  resolution: "typescript@patch:typescript@npm%3A5.7.2#optional!builtin<compat/typescript>::version=5.7.2&hash=5786d5"
  bin:
    tsc: bin/tsc
    tsserver: bin/tsserver
  checksum: 10c0/f3b8082c9d1d1629a215245c9087df56cb784f9fb6f27b5d55577a20e68afe2a889c040aacff6d27e35be165ecf9dca66e694c42eb9a50b3b2c451b36b5675cb
  languageName: node
  linkType: hard

"undici-types@npm:~6.20.0":
  version: 6.20.0
  resolution: "undici-types@npm:6.20.0"
  checksum: 10c0/68e659a98898d6a836a9a59e6adf14a5d799707f5ea629433e025ac90d239f75e408e2e5ff086afc3cace26f8b26ee52155293564593fbb4a2f666af57fc59bf
  languageName: node
  linkType: hard

"wrap-ansi@npm:^6.2.0":
  version: 6.2.0
  resolution: "wrap-ansi@npm:6.2.0"
  dependencies:
    ansi-styles: "npm:^4.0.0"
    string-width: "npm:^4.1.0"
    strip-ansi: "npm:^6.0.0"
  checksum: 10c0/baad244e6e33335ea24e86e51868fe6823626e3a3c88d9a6674642afff1d34d9a154c917e74af8d845fd25d170c4ea9cf69a47133c3f3656e1252b3d462d9f6c
  languageName: node
  linkType: hard

"wrap-ansi@npm:^7.0.0":
  version: 7.0.0
  resolution: "wrap-ansi@npm:7.0.0"
  dependencies:
    ansi-styles: "npm:^4.0.0"
    string-width: "npm:^4.1.0"
    strip-ansi: "npm:^6.0.0"
  checksum: 10c0/d15fc12c11e4cbc4044a552129ebc75ee3f57aa9c1958373a4db0292d72282f54373b536103987a4a7594db1ef6a4f10acf92978f79b98c49306a4b58c77d4da
  languageName: node
  linkType: hard

"y18n@npm:^5.0.5":
  version: 5.0.8
  resolution: "y18n@npm:5.0.8"
  checksum: 10c0/4df2842c36e468590c3691c894bc9cdbac41f520566e76e24f59401ba7d8b4811eb1e34524d57e54bc6d864bcb66baab7ffd9ca42bf1eda596618f9162b91249
  languageName: node
  linkType: hard

"yargs-parser@npm:^21.1.1":
  version: 21.1.1
  resolution: "yargs-parser@npm:21.1.1"
  checksum: 10c0/f84b5e48169479d2f402239c59f084cfd1c3acc197a05c59b98bab067452e6b3ea46d4dd8ba2985ba7b3d32a343d77df0debd6b343e5dae3da2aab2cdf5886b2
  languageName: node
  linkType: hard

"yargs@npm:^17.7.2":
  version: 17.7.2
  resolution: "yargs@npm:17.7.2"
  dependencies:
    cliui: "npm:^8.0.1"
    escalade: "npm:^3.1.1"
    get-caller-file: "npm:^2.0.5"
    require-directory: "npm:^2.1.1"
    string-width: "npm:^4.2.3"
    y18n: "npm:^5.0.5"
    yargs-parser: "npm:^21.1.1"
  checksum: 10c0/ccd7e723e61ad5965fffbb791366db689572b80cca80e0f96aad968dfff4156cd7cd1ad18607afe1046d8241e6fb2d6c08bf7fa7bfb5eaec818735d8feac8f05
  languageName: node
  linkType: hard

"yoctocolors-cjs@npm:^2.1.2":
  version: 2.1.2
  resolution: "yoctocolors-cjs@npm:2.1.2"
  checksum: 10c0/a0e36eb88fea2c7981eab22d1ba45e15d8d268626e6c4143305e2c1628fa17ebfaa40cd306161a8ce04c0a60ee0262058eab12567493d5eb1409780853454c6f
  languageName: node
  linkType: hard
